
Microsoft Visual Studio Solution File, Format Version 12.00
# Visual Studio Version 16
VisualStudioVersion = 16.0.30621.155
MinimumVisualStudioVersion = 10.0.40219.1
Project("{9A19103F-16F7-4668-BE54-9A1E7A4F7556}") = "FareMatrix_Dom", "FareMatrix_Dom\FareMatrix_Dom.csproj", "{35105FBC-EC54-4037-8657-F86E922843F5}"
EndProject
Project("{9A19103F-16F7-4668-BE54-9A1E7A4F7556}") = "FareMatrix_Repo", "FareMatrix_Repo\FareMatrix_Repo.csproj", "{AD806387-2E48-4050-A8EA-A7A66FE6EF73}"
EndProject
Project("{9A19103F-16F7-4668-BE54-9A1E7A4F7556}") = "FareMatrix_Services", "FareMatrix_Services\FareMatrix_Services.csproj", "{5CCAE54F-62A9-4626-90BA-A182131B1404}"
EndProject
Project("{FAE04EC0-301F-11D3-BF4B-00C04F79EFBC}") = "FareMatrix_Web", "FareMatrix_Web\FareMatrix_Web.csproj", "{CA402959-D978-445A-BA28-B967DF70BAC6}"
EndProject
Global
	GlobalSection(SolutionConfigurationPlatforms) = preSolution
		Debug|Any CPU = Debug|Any CPU
		Release|Any CPU = Release|Any CPU
	EndGlobalSection
	GlobalSection(ProjectConfigurationPlatforms) = postSolution
		{35105FBC-EC54-4037-8657-F86E922843F5}.Debug|Any CPU.ActiveCfg = Debug|Any CPU
		{35105FBC-EC54-4037-8657-F86E922843F5}.Debug|Any CPU.Build.0 = Debug|Any CPU
		{35105FBC-EC54-4037-8657-F86E922843F5}.Release|Any CPU.ActiveCfg = Release|Any CPU
		{35105FBC-EC54-4037-8657-F86E922843F5}.Release|Any CPU.Build.0 = Release|Any CPU
		{AD806387-2E48-4050-A8EA-A7A66FE6EF73}.Debug|Any CPU.ActiveCfg = Debug|Any CPU
		{AD806387-2E48-4050-A8EA-A7A66FE6EF73}.Debug|Any CPU.Build.0 = Debug|Any CPU
		{AD806387-2E48-4050-A8EA-A7A66FE6EF73}.Release|Any CPU.ActiveCfg = Release|Any CPU
		{AD806387-2E48-4050-A8EA-A7A66FE6EF73}.Release|Any CPU.Build.0 = Release|Any CPU
		{5CCAE54F-62A9-4626-90BA-A182131B1404}.Debug|Any CPU.ActiveCfg = Debug|Any CPU
		{5CCAE54F-62A9-4626-90BA-A182131B1404}.Debug|Any CPU.Build.0 = Debug|Any CPU
		{5CCAE54F-62A9-4626-90BA-A182131B1404}.Release|Any CPU.ActiveCfg = Release|Any CPU
		{5CCAE54F-62A9-4626-90BA-A182131B1404}.Release|Any CPU.Build.0 = Release|Any CPU
		{CA402959-D978-445A-BA28-B967DF70BAC6}.Debug|Any CPU.ActiveCfg = Debug|Any CPU
		{CA402959-D978-445A-BA28-B967DF70BAC6}.Debug|Any CPU.Build.0 = Debug|Any CPU
		{CA402959-D978-445A-BA28-B967DF70BAC6}.Release|Any CPU.ActiveCfg = Release|Any CPU
		{CA402959-D978-445A-BA28-B967DF70BAC6}.Release|Any CPU.Build.0 = Release|Any CPU
	EndGlobalSection
	GlobalSection(SolutionProperties) = preSolution
		HideSolutionNode = FALSE
	EndGlobalSection
	GlobalSection(ExtensibilityGlobals) = postSolution
		SolutionGuid = {47F88745-9E9E-44E2-ADE8-F96980272583}
	EndGlobalSection
EndGlobal
